github.com/BurntSushi/toml v0.3.1/go.mod h1:xHWCNGjB5oqiDr8zfno3MHue2Ht5sIBksp03qcyfWMU=
github.com/gobwas/cli v0.0.0-20201206183336-d4840bb5a2b7 h1:jT4AkMUR5tjY77Pe50hM2SCo/Pfz89+M74A4jV5u53E=
github.com/gobwas/cli v0.0.0-20201206183336-d4840bb5a2b7/go.mod h1:qSeHBR/Kr1gutO/QtO7s7JNGo2WpL17Rt25p0/RWqAo=
github.com/gobwas/flagutil v0.9.0 h1:1fzSQGhj821PAgjZ9O+wy8h9MPMQ6SUOaBo+vwpiVPY=
github.com/gobwas/flagutil v0.9.0/go.mod h1:zEvcH3/5XUGH9cMZa55Z3Y3LXbrtOkrpOYRmZqV19HU=
github.com/gobwas/prompt v0.2.2/go.mod h1:UVO2T+b2GvmPMwT07n3gxtzepiAu6N3GP177DjDN1l8=
github.com/google/go-cmp v0.4.0/go.mod h1:v8dTdLbMG2kIc/vJvl+f65V22dbkXbowE6jgT/gNBxE=
golang.org/x/sys v0.0.0-20200610111108-226ff32320da/go.mod h1:h1NjWce9XRLGQEsW7wpKNCjG9DtNlClVuFLEZdDNbEs=
golang.org/x/xerrors v0.0.0-20191204190536-9bdfabe68543/go.mod h1:I/5z698sn9Ka8TeJc9MKroUUfqBBauWjQqLJ2OPfmY0=
gopkg.in/check.v1 v0.0.0-20161208181325-20d25e280405/go.mod h1:Co6ibVJAznAaIkqp8huTwlJQCZ016jof/cbN4VW5Yz0=
gopkg.in/yaml.v2 v2.2.8 h1:obN1ZagJSUGI0Ek/LBmuj4SNLPfIny3KsKFopxRdj10=
gopkg.in/yaml.v2 v2.2.8/go.mod h1:hI93XBmqTisBFMUTm0b8Fm+jr3Dg1NNxqwp+5A1VGuI=
